
Microsoft Visual Studio Solution File, Format Version 12.00
# Visual Studio Version 17
VisualStudioVersion = 17.3.32922.545
MinimumVisualStudioVersion = 10.0.40219.1
Project("{FAE04EC0-301F-11D3-BF4B-00C04F79EFBC}") = "Simulation1try", "Simulation1try\Simulation1try.csproj", "{D4E352A4-4C87-4BF3-9EF1-2DFB26B2A500}"
EndProject
Global
	GlobalSection(SolutionConfigurationPlatforms) = preSolution
		Debug|Any CPU = Debug|Any CPU
		Release|Any CPU = Release|Any CPU
	EndGlobalSection
	GlobalSection(ProjectConfigurationPlatforms) = postSolution
		{D4E352A4-4C87-4BF3-9EF1-2DFB26B2A500}.Debug|Any CPU.ActiveCfg = Debug|Any CPU
		{D4E352A4-4C87-4BF3-9EF1-2DFB26B2A500}.Debug|Any CPU.Build.0 = Debug|Any CPU
		{D4E352A4-4C87-4BF3-9EF1-2DFB26B2A500}.Release|Any CPU.ActiveCfg = Release|Any CPU
		{D4E352A4-4C87-4BF3-9EF1-2DFB26B2A500}.Release|Any CPU.Build.0 = Release|Any CPU
	EndGlobalSection
	GlobalSection(SolutionProperties) = preSolution
		HideSolutionNode = FALSE
	EndGlobalSection
	GlobalSection(ExtensibilityGlobals) = postSolution
		SolutionGuid = {057C98F0-3FD9-4332-A493-60D50863AB86}
	EndGlobalSection
EndGlobal
